{
  "pins" : [
    {
      "identity" : "sendingstate",
      "kind" : "remoteSourceControl",
      "location" : "https://github.com/dSunny90/SendingState.git",
      "state" : {
        "revision" : "5717260c358dda027c36d677ddcbe96af1887bad",
        "version" : "1.1.0"
      }
    }
  ],
  "version" : 2
}
